<?xml version="1.0" encoding="utf-8"?>
<Project ToolsVersion="4.0" xmlns="http://schemas.microsoft.com/developer/msbuild/2003">
  <ItemGroup>
    <ClCompile Include="IssacGame.cpp" />
    <ClCompile Include="EndingCredit.cpp">
      <Filter>Ending</Filter>
    </ClCompile>
    <ClCompile Include="TitleLogo.cpp">
      <Filter>Title</Filter>
    </ClCompile>
    <ClCompile Include="EndingLevel.cpp">
      <Filter>Level</Filter>
    </ClCompile>
    <ClCompile Include="PlayLevel.cpp">
      <Filter>Level</Filter>
    </ClCompile>
    <ClCompile Include="TitleLevel.cpp">
      <Filter>Level</Filter>
    </ClCompile>
    <ClCompile Include="TitleBackGround.cpp">
      <Filter>Title</Filter>
    </ClCompile>
    <ClCompile Include="Player.cpp">
      <Filter>Play\Playerable</Filter>
    </ClCompile>
    <ClCompile Include="Flys.cpp">
      <Filter>Play\Monsters\Normal</Filter>
    </ClCompile>
    <ClCompile Include="Grotesk.cpp">
      <Filter>Play\Monsters\Normal</Filter>
    </ClCompile>
    <ClCompile Include="Meat.cpp">
      <Filter>Play\Monsters\Normal</Filter>
    </ClCompile>
    <ClCompile Include="Spiders.cpp">
      <Filter>Play\Monsters\Normal</Filter>
    </ClCompile>
    <ClCompile Include="Baby_Plum.cpp">
      <Filter>Play\Monsters\Bosses</Filter>
    </ClCompile>
    <ClCompile Include="Mega_Fatty.cpp">
      <Filter>Play\Monsters\Bosses</Filter>
    </ClCompile>
    <ClCompile Include="Monstro.cpp">
      <Filter>Play\Monsters\Bosses</Filter>
    </ClCompile>
    <ClCompile Include="Demon_Baby.cpp">
      <Filter>Play\Pets</Filter>
    </ClCompile>
    <ClCompile Include="Blood_of_the_Martyr.cpp">
      <Filter>GameObject\Items</Filter>
    </ClCompile>
    <ClCompile Include="Boom.cpp">
      <Filter>GameObject\Items</Filter>
    </ClCompile>
    <ClCompile Include="Brimstone.cpp">
      <Filter>GameObject\Items</Filter>
    </ClCompile>
    <ClCompile Include="Godhead.cpp">
      <Filter>GameObject\Items</Filter>
    </ClCompile>
    <ClCompile Include="Soy_Milk.cpp">
      <Filter>GameObject</Filter>
    </ClCompile>
    <ClCompile Include="The_Inner_Eye.cpp">
      <Filter>GameObject</Filter>
    </ClCompile>
    <ClCompile Include="Basement.cpp">
      <Filter>GameObject\Maps</Filter>
    </ClCompile>
    <ClCompile Include="Depths.cpp">
      <Filter>GameObject\Maps</Filter>
    </ClCompile>
    <ClCompile Include="Doors.cpp">
      <Filter>GameObject\Maps</Filter>
    </ClCompile>
  </ItemGroup>
  <ItemGroup>
    <ClInclude Include="IssacGame.h" />
    <ClInclude Include="EndingCredit.h">
      <Filter>Ending</Filter>
    </ClInclude>
    <ClInclude Include="TitleLogo.h">
      <Filter>Title</Filter>
    </ClInclude>
    <ClInclude Include="EndingLevel.h">
      <Filter>Level</Filter>
    </ClInclude>
    <ClInclude Include="PlayLevel.h">
      <Filter>Level</Filter>
    </ClInclude>
    <ClInclude Include="TitleLevel.h">
      <Filter>Level</Filter>
    </ClInclude>
    <ClInclude Include="TitleBackGround.h">
      <Filter>Title</Filter>
    </ClInclude>
    <ClInclude Include="Player.h">
      <Filter>Play\Playerable</Filter>
    </ClInclude>
    <ClInclude Include="Flys.h">
      <Filter>Play\Monsters\Normal</Filter>
    </ClInclude>
    <ClInclude Include="Grotesk.h">
      <Filter>Play\Monsters\Normal</Filter>
    </ClInclude>
    <ClInclude Include="Meat.h">
      <Filter>Play\Monsters\Normal</Filter>
    </ClInclude>
    <ClInclude Include="Spiders.h">
      <Filter>Play\Monsters\Normal</Filter>
    </ClInclude>
    <ClInclude Include="Baby_Plum.h">
      <Filter>Play\Monsters\Bosses</Filter>
    </ClInclude>
    <ClInclude Include="Mega_Fatty.h">
      <Filter>Play\Monsters\Bosses</Filter>
    </ClInclude>
    <ClInclude Include="Monstro.h">
      <Filter>Play\Monsters\Bosses</Filter>
    </ClInclude>
    <ClInclude Include="Demon_Baby.h">
      <Filter>Play\Pets</Filter>
    </ClInclude>
    <ClInclude Include="Blood_of_the_Martyr.h">
      <Filter>GameObject\Items</Filter>
    </ClInclude>
    <ClInclude Include="Boom.h">
      <Filter>GameObject\Items</Filter>
    </ClInclude>
    <ClInclude Include="Brimstone.h">
      <Filter>GameObject\Items</Filter>
    </ClInclude>
    <ClInclude Include="Godhead.h">
      <Filter>GameObject\Items</Filter>
    </ClInclude>
    <ClInclude Include="Soy_Milk.h">
      <Filter>GameObject</Filter>
    </ClInclude>
    <ClInclude Include="The_Inner_Eye.h">
      <Filter>GameObject</Filter>
    </ClInclude>
    <ClInclude Include="Basement.h">
      <Filter>GameObject\Maps</Filter>
    </ClInclude>
    <ClInclude Include="Depths.h">
      <Filter>GameObject\Maps</Filter>
    </ClInclude>
    <ClInclude Include="Doors.h">
      <Filter>GameObject\Maps</Filter>
    </ClInclude>
  </ItemGroup>
  <ItemGroup>
    <Filter Include="Ending">
      <UniqueIdentifier>{31b22626-cba9-4b25-ba73-a572d1f09c59}</UniqueIdentifier>
    </Filter>
    <Filter Include="Play">
      <UniqueIdentifier>{b09614b9-3c73-4005-9a50-70e787059941}</UniqueIdentifier>
    </Filter>
    <Filter Include="Title">
      <UniqueIdentifier>{c9a69e59-58f7-40d5-875b-6a1363f989aa}</UniqueIdentifier>
    </Filter>
    <Filter Include="Level">
      <UniqueIdentifier>{115f25ef-4fd3-414e-81b9-991ee1db9405}</UniqueIdentifier>
    </Filter>
    <Filter Include="Play\Monsters">
      <UniqueIdentifier>{551b0622-098f-459e-a935-f3db9230601a}</UniqueIdentifier>
    </Filter>
    <Filter Include="Play\Playerable">
      <UniqueIdentifier>{a957b90e-b3c5-4cbb-acfb-a0e03782aee7}</UniqueIdentifier>
    </Filter>
    <Filter Include="Play\Monsters\Normal">
      <UniqueIdentifier>{1d23229d-e1fc-441c-a748-a59aab204caa}</UniqueIdentifier>
    </Filter>
    <Filter Include="Play\Monsters\Bosses">
      <UniqueIdentifier>{d278b708-282c-4ace-9fdd-ae3cb209bd56}</UniqueIdentifier>
    </Filter>
    <Filter Include="Play\Pets">
      <UniqueIdentifier>{b25ad466-cb62-4a69-82c9-4f48845495dd}</UniqueIdentifier>
    </Filter>
    <Filter Include="GameObject">
      <UniqueIdentifier>{7f804e62-25a9-4306-955a-8a02b18d68dd}</UniqueIdentifier>
    </Filter>
    <Filter Include="GameObject\Items">
      <UniqueIdentifier>{f343f826-b303-4ab8-bc78-bba40cec4285}</UniqueIdentifier>
    </Filter>
    <Filter Include="GameObject\Maps">
      <UniqueIdentifier>{141a1661-6a2c-41c6-b526-904c47b2d88f}</UniqueIdentifier>
    </Filter>
  </ItemGroup>
</Project>